<?xml version="1.0" encoding="utf-8"?>
<Project ToolsVersion="4.0" xmlns="http://schemas.microsoft.com/developer/msbuild/2003">
  <ItemGroup>
    <Filter Include="Core">
      <UniqueIdentifier>{872d029a-38f3-4c84-88b5-e3c6302d36a8}</UniqueIdentifier>
    </Filter>
  </ItemGroup>
  <ItemGroup>
    <ClInclude Include="Core\AssetRegistry.h">
      <Filter>Core</Filter>
    </ClInclude>
    <ClInclude Include="Core\EngineApplication.h">
      <Filter>Core</Filter>
    </ClInclude>
    <ClInclude Include="LuxonEditorAPI.h" />
    <ClInclude Include="Core\AssetDirectoryWatcher.h">
      <Filter>Core</Filter>
    </ClInclude>
    <ClInclude Include="Core\EngineShaderRegistry.h">
      <Filter>Core</Filter>
    </ClInclude>
    <ClInclude Include="Core\ShaderCreator.h">
      <Filter>Core</Filter>
    </ClInclude>
    <ClInclude Include="Core\GuidUtilities.h">
      <Filter>Core</Filter>
    </ClInclude>
    <ClInclude Include="Core\SelectionManager.h">
      <Filter>Core</Filter>
    </ClInclude>
    <ClInclude Include="Core\AssimpModel3DImporter.h">
      <Filter>Core</Filter>
    </ClInclude>
    <ClInclude Include="Core\WICTextureImporter.h">
      <Filter>Core</Filter>
    </ClInclude>
    <ClInclude Include="Core\MaterialImporter.h">
      <Filter>Core</Filter>
    </ClInclude>
    <ClInclude Include="Core\EngineSceneManager.h">
      <Filter>Core</Filter>
    </ClInclude>
    <ClInclude Include="Core\SerializationStreamExtensions.h">
      <Filter>Core</Filter>
    </ClInclude>
  </ItemGroup>
  <ItemGroup>
    <ClCompile Include="Core\AssetRegistry.cpp">
      <Filter>Core</Filter>
    </ClCompile>
    <ClCompile Include="Core\EngineApplication.cpp">
      <Filter>Core</Filter>
    </ClCompile>
    <ClCompile Include="LuxonEditorAPI.cpp" />
    <ClCompile Include="Core\AssetDirectoryWatcher.cpp">
      <Filter>Core</Filter>
    </ClCompile>
    <ClCompile Include="Core\EngineShaderRegistry.cpp">
      <Filter>Core</Filter>
    </ClCompile>
    <ClCompile Include="Core\ShaderCreator.cpp">
      <Filter>Core</Filter>
    </ClCompile>
    <ClCompile Include="Core\GuidUtilities.cpp">
      <Filter>Core</Filter>
    </ClCompile>
    <ClCompile Include="Core\SelectionManager.cpp">
      <Filter>Core</Filter>
    </ClCompile>
    <ClCompile Include="Core\AssimpModel3DImporter.cpp">
      <Filter>Core</Filter>
    </ClCompile>
    <ClCompile Include="Core\WICTextureImporter.cpp">
      <Filter>Core</Filter>
    </ClCompile>
    <ClCompile Include="Core\MaterialImporter.cpp">
      <Filter>Core</Filter>
    </ClCompile>
    <ClCompile Include="Core\EngineSceneManager.cpp">
      <Filter>Core</Filter>
    </ClCompile>
    <ClCompile Include="Core\SerializationStreamExtensions.cpp">
      <Filter>Core</Filter>
    </ClCompile>
  </ItemGroup>
</Project>