<?xml version="1.0" encoding="utf-8"?>
<Project ToolsVersion="4.0" xmlns="http://schemas.microsoft.com/developer/msbuild/2003">
  <ItemGroup>
    <Filter Include="Windows">
      <UniqueIdentifier>{7dad9cf8-225f-4ef1-a953-d6d5bfd25e46}</UniqueIdentifier>
    </Filter>
    <Filter Include="Console">
      <UniqueIdentifier>{55b6300c-8369-4aba-a23e-884bceba99fc}</UniqueIdentifier>
    </Filter>
    <Filter Include="Resources">
      <UniqueIdentifier>{02976786-4fd3-48de-ac19-0505ae2aacc1}</UniqueIdentifier>
    </Filter>
    <Filter Include="ADS">
      <UniqueIdentifier>{53d7e5eb-7778-45da-a393-6e9088f12cee}</UniqueIdentifier>
    </Filter>
    <Filter Include="ADS\src">
      <UniqueIdentifier>{2b98c61a-affe-40b6-855c-4578d9c5c84b}</UniqueIdentifier>
    </Filter>
    <Filter Include="AssetBrowser">
      <UniqueIdentifier>{3a189414-7518-4038-a723-cb8680405213}</UniqueIdentifier>
    </Filter>
    <Filter Include="ShaderCreator">
      <UniqueIdentifier>{ad8ef42d-4c23-4e3a-9e85-28b9c73160a7}</UniqueIdentifier>
    </Filter>
    <Filter Include="Mesh">
      <UniqueIdentifier>{32bcb0cb-b8a6-4554-b486-2c209c7e3da3}</UniqueIdentifier>
    </Filter>
    <Filter Include="Texture">
      <UniqueIdentifier>{708a81b8-fa13-457f-a21a-c803475eafba}</UniqueIdentifier>
    </Filter>
    <Filter Include="Material">
      <UniqueIdentifier>{09fdd37d-1ab3-47a3-b9b4-f972e5e2ae12}</UniqueIdentifier>
    </Filter>
    <Filter Include="Core">
      <UniqueIdentifier>{c652bff7-af78-4caf-8927-af03b411809c}</UniqueIdentifier>
    </Filter>
    <Filter Include="Scene">
      <UniqueIdentifier>{fcffdd19-bc1a-4b10-b703-b1f1b1bb5dfc}</UniqueIdentifier>
    </Filter>
  </ItemGroup>
  <ItemGroup>
    <QtUic Include="Windows\LuxonEditorWindow.ui">
      <Filter>Windows</Filter>
    </QtUic>
    <QtUic Include="Console\ConsoleLogWindow.ui">
      <Filter>Console</Filter>
    </QtUic>
    <QtUic Include="AssetBrowser\AssetBrowserWindow.ui">
      <Filter>AssetBrowser</Filter>
    </QtUic>
    <QtUic Include="ShaderCreation\ShaderCreationWindow.ui">
      <Filter>ShaderCreator</Filter>
    </QtUic>
    <QtUic Include="Windows\InspecterWindow.ui">
      <Filter>Windows</Filter>
    </QtUic>
    <QtUic Include="ShaderCreation\ShaderInspecterWidget.ui">
      <Filter>ShaderCreator</Filter>
    </QtUic>
    <QtUic Include="Windows\SceneEditorWindow.ui">
      <Filter>Windows</Filter>
    </QtUic>
    <QtUic Include="Mesh\Model3DInspecterWidget.ui">
      <Filter>Mesh</Filter>
    </QtUic>
    <QtUic Include="Mesh\MeshItem.ui">
      <Filter>Mesh</Filter>
    </QtUic>
    <QtUic Include="Mesh\MeshViewWindow.ui">
      <Filter>Mesh</Filter>
    </QtUic>
    <QtUic Include="Windows\SplashStartWidget.ui">
      <Filter>Windows</Filter>
    </QtUic>
    <QtUic Include="Texture\TextureInspecterWidget.ui">
      <Filter>Texture</Filter>
    </QtUic>
    <QtUic Include="Texture\QTextureField.ui">
      <Filter>Texture</Filter>
    </QtUic>
    <QtUic Include="Texture\QColorField.ui">
      <Filter>Texture</Filter>
    </QtUic>
    <QtUic Include="Material\MaterialCreationWindow.ui">
      <Filter>Material</Filter>
    </QtUic>
    <QtUic Include="Material\MaterialInspecterWidget.ui">
      <Filter>Material</Filter>
    </QtUic>
    <QtUic Include="Windows\SceneHierarchyWindow.ui">
      <Filter>Windows</Filter>
    </QtUic>
    <QtUic Include="Core\TransformWidget.ui">
      <Filter>Core</Filter>
    </QtUic>
  </ItemGroup>
  <ItemGroup>
    <ClCompile Include="main.cpp" />
    <ClCompile Include="Windows\LuxonEditorWindow.cpp">
      <Filter>Windows</Filter>
    </ClCompile>
    <ClCompile Include="Console\LogModel.cpp">
      <Filter>Console</Filter>
    </ClCompile>
    <ClCompile Include="Console\LogItemStyle.cpp">
      <Filter>Console</Filter>
    </ClCompile>
    <ClCompile Include="Console\LogFilter.cpp">
      <Filter>Console</Filter>
    </ClCompile>
    <ClCompile Include="Console\ConsoleLogWindow.cpp">
      <Filter>Console</Filter>
    </ClCompile>
    <ClCompile Include="ADS\src\ads_globals.cpp">
      <Filter>ADS\src</Filter>
    </ClCompile>
    <ClCompile Include="ADS\src\AutoHideDockContainer.cpp">
      <Filter>ADS\src</Filter>
    </ClCompile>
    <ClCompile Include="ADS\src\AutoHideSideBar.cpp">
      <Filter>ADS\src</Filter>
    </ClCompile>
    <ClCompile Include="ADS\src\AutoHideTab.cpp">
      <Filter>ADS\src</Filter>
    </ClCompile>
    <ClCompile Include="ADS\src\DockAreaTabBar.cpp">
      <Filter>ADS\src</Filter>
    </ClCompile>
    <ClCompile Include="ADS\src\DockAreaTitleBar.cpp">
      <Filter>ADS\src</Filter>
    </ClCompile>
    <ClCompile Include="ADS\src\DockAreaWidget.cpp">
      <Filter>ADS\src</Filter>
    </ClCompile>
    <ClCompile Include="ADS\src\DockComponentsFactory.cpp">
      <Filter>ADS\src</Filter>
    </ClCompile>
    <ClCompile Include="ADS\src\DockContainerWidget.cpp">
      <Filter>ADS\src</Filter>
    </ClCompile>
    <ClCompile Include="ADS\src\DockFocusController.cpp">
      <Filter>ADS\src</Filter>
    </ClCompile>
    <ClCompile Include="ADS\src\DockingStateReader.cpp">
      <Filter>ADS\src</Filter>
    </ClCompile>
    <ClCompile Include="ADS\src\DockManager.cpp">
      <Filter>ADS\src</Filter>
    </ClCompile>
    <ClCompile Include="ADS\src\DockOverlay.cpp">
      <Filter>ADS\src</Filter>
    </ClCompile>
    <ClCompile Include="ADS\src\DockSplitter.cpp">
      <Filter>ADS\src</Filter>
    </ClCompile>
    <ClCompile Include="ADS\src\DockWidget.cpp">
      <Filter>ADS\src</Filter>
    </ClCompile>
    <ClCompile Include="ADS\src\DockWidgetTab.cpp">
      <Filter>ADS\src</Filter>
    </ClCompile>
    <ClCompile Include="ADS\src\ElidingLabel.cpp">
      <Filter>ADS\src</Filter>
    </ClCompile>
    <ClCompile Include="ADS\src\FloatingDockContainer.cpp">
      <Filter>ADS\src</Filter>
    </ClCompile>
    <ClCompile Include="ADS\src\FloatingDragPreview.cpp">
      <Filter>ADS\src</Filter>
    </ClCompile>
    <ClCompile Include="ADS\src\IconProvider.cpp">
      <Filter>ADS\src</Filter>
    </ClCompile>
    <ClCompile Include="ADS\src\PushButton.cpp">
      <Filter>ADS\src</Filter>
    </ClCompile>
    <ClCompile Include="ADS\src\ResizeHandle.cpp">
      <Filter>ADS\src</Filter>
    </ClCompile>
    <ClCompile Include="AssetBrowser\AssetBrowserWindow.cpp">
      <Filter>AssetBrowser</Filter>
    </ClCompile>
    <ClCompile Include="AssetBrowser\PathItemStyle.cpp">
      <Filter>AssetBrowser</Filter>
    </ClCompile>
    <ClCompile Include="AssetBrowser\PathFilter.cpp">
      <Filter>AssetBrowser</Filter>
    </ClCompile>
    <ClCompile Include="AssetBrowser\AddressBarButton.cpp">
      <Filter>AssetBrowser</Filter>
    </ClCompile>
    <ClCompile Include="ShaderCreation\ShaderCreationWindow.cpp">
      <Filter>ShaderCreator</Filter>
    </ClCompile>
    <ClCompile Include="Windows\InspecterWindow.cpp">
      <Filter>Windows</Filter>
    </ClCompile>
    <ClCompile Include="ShaderCreation\ShaderInspecterWidget.cpp">
      <Filter>ShaderCreator</Filter>
    </ClCompile>
    <ClCompile Include="Windows\SceneEditorWindow.cpp">
      <Filter>Windows</Filter>
    </ClCompile>
    <ClCompile Include="Mesh\Model3DInspecterWidget.cpp">
      <Filter>Mesh</Filter>
    </ClCompile>
    <ClCompile Include="Mesh\MeshItem.cpp">
      <Filter>Mesh</Filter>
    </ClCompile>
    <ClCompile Include="Mesh\MeshViewWindow.cpp">
      <Filter>Mesh</Filter>
    </ClCompile>
    <ClCompile Include="Windows\SplashStartWidget.cpp">
      <Filter>Windows</Filter>
    </ClCompile>
    <ClCompile Include="Texture\TextureInspecterWidget.cpp">
      <Filter>Texture</Filter>
    </ClCompile>
    <ClCompile Include="Texture\QTextureField.cpp">
      <Filter>Texture</Filter>
    </ClCompile>
    <ClCompile Include="Texture\QColorField.cpp">
      <Filter>Texture</Filter>
    </ClCompile>
    <ClCompile Include="Material\MaterialCreationWindow.cpp">
      <Filter>Material</Filter>
    </ClCompile>
    <ClCompile Include="Material\MaterialInspecterWidget.cpp">
      <Filter>Material</Filter>
    </ClCompile>
    <ClCompile Include="Windows\SceneHierarchyWindow.cpp">
      <Filter>Windows</Filter>
    </ClCompile>
    <ClCompile Include="Core\TransformWidget.cpp">
      <Filter>Core</Filter>
    </ClCompile>
    <ClCompile Include="Scene\GameEntityModel.cpp">
      <Filter>Scene</Filter>
    </ClCompile>
    <ClCompile Include="Scene\GameEntityItemDelegate.cpp">
      <Filter>Scene</Filter>
    </ClCompile>
    <ClCompile Include="Scene\GameEntityInspecterWidget.cpp">
      <Filter>Scene</Filter>
    </ClCompile>
  </ItemGroup>
  <ItemGroup>
    <QtMoc Include="Windows\LuxonEditorWindow.h">
      <Filter>Windows</Filter>
    </QtMoc>
    <QtMoc Include="Console\LogModel.h">
      <Filter>Console</Filter>
    </QtMoc>
    <QtMoc Include="Console\LogFilter.h">
      <Filter>Console</Filter>
    </QtMoc>
    <QtMoc Include="Console\ConsoleLogWindow.h">
      <Filter>Console</Filter>
    </QtMoc>
    <QtMoc Include="ADS\src\ads_globals.h">
      <Filter>ADS\src</Filter>
    </QtMoc>
    <QtMoc Include="ADS\src\AutoHideDockContainer.h">
      <Filter>ADS\src</Filter>
    </QtMoc>
    <QtMoc Include="ADS\src\AutoHideSideBar.h">
      <Filter>ADS\src</Filter>
    </QtMoc>
    <QtMoc Include="ADS\src\AutoHideTab.h">
      <Filter>ADS\src</Filter>
    </QtMoc>
    <QtMoc Include="ADS\src\DockAreaTabBar.h">
      <Filter>ADS\src</Filter>
    </QtMoc>
    <QtMoc Include="ADS\src\DockAreaTitleBar.h">
      <Filter>ADS\src</Filter>
    </QtMoc>
    <QtMoc Include="ADS\src\DockAreaTitleBar_p.h">
      <Filter>ADS\src</Filter>
    </QtMoc>
    <QtMoc Include="ADS\src\DockAreaWidget.h">
      <Filter>ADS\src</Filter>
    </QtMoc>
    <QtMoc Include="ADS\src\DockContainerWidget.h">
      <Filter>ADS\src</Filter>
    </QtMoc>
    <QtMoc Include="ADS\src\DockFocusController.h">
      <Filter>ADS\src</Filter>
    </QtMoc>
    <QtMoc Include="ADS\src\DockManager.h">
      <Filter>ADS\src</Filter>
    </QtMoc>
    <QtMoc Include="ADS\src\DockOverlay.h">
      <Filter>ADS\src</Filter>
    </QtMoc>
    <QtMoc Include="ADS\src\DockSplitter.h">
      <Filter>ADS\src</Filter>
    </QtMoc>
    <QtMoc Include="ADS\src\DockWidget.h">
      <Filter>ADS\src</Filter>
    </QtMoc>
    <QtMoc Include="ADS\src\DockWidgetTab.h">
      <Filter>ADS\src</Filter>
    </QtMoc>
    <QtMoc Include="ADS\src\ElidingLabel.h">
      <Filter>ADS\src</Filter>
    </QtMoc>
    <QtMoc Include="ADS\src\FloatingDockContainer.h">
      <Filter>ADS\src</Filter>
    </QtMoc>
    <QtMoc Include="ADS\src\FloatingDragPreview.h">
      <Filter>ADS\src</Filter>
    </QtMoc>
    <QtMoc Include="ADS\src\PushButton.h">
      <Filter>ADS\src</Filter>
    </QtMoc>
    <QtMoc Include="ADS\src\ResizeHandle.h">
      <Filter>ADS\src</Filter>
    </QtMoc>
    <QtMoc Include="AssetBrowser\AssetBrowserWindow.h">
      <Filter>AssetBrowser</Filter>
    </QtMoc>
    <QtMoc Include="AssetBrowser\PathFilter.h">
      <Filter>AssetBrowser</Filter>
    </QtMoc>
    <QtMoc Include="AssetBrowser\AddressBarButton.h">
      <Filter>AssetBrowser</Filter>
    </QtMoc>
    <QtMoc Include="ShaderCreation\ShaderCreationWindow.h">
      <Filter>ShaderCreator</Filter>
    </QtMoc>
    <QtMoc Include="Windows\InspecterWindow.h">
      <Filter>Windows</Filter>
    </QtMoc>
    <QtMoc Include="ShaderCreation\ShaderInspecterWidget.h">
      <Filter>ShaderCreator</Filter>
    </QtMoc>
    <QtMoc Include="Windows\SceneEditorWindow.h">
      <Filter>Windows</Filter>
    </QtMoc>
    <QtMoc Include="Mesh\Model3DInspecterWidget.h">
      <Filter>Mesh</Filter>
    </QtMoc>
    <QtMoc Include="Mesh\MeshItem.h">
      <Filter>Mesh</Filter>
    </QtMoc>
    <QtMoc Include="Mesh\MeshViewWindow.h">
      <Filter>Mesh</Filter>
    </QtMoc>
    <QtMoc Include="Windows\SplashStartWidget.h">
      <Filter>Windows</Filter>
    </QtMoc>
    <QtMoc Include="Texture\TextureInspecterWidget.h">
      <Filter>Texture</Filter>
    </QtMoc>
    <QtMoc Include="Texture\QTextureField.h">
      <Filter>Texture</Filter>
    </QtMoc>
    <QtMoc Include="Texture\QColorField.h">
      <Filter>Texture</Filter>
    </QtMoc>
    <QtMoc Include="Material\MaterialCreationWindow.h">
      <Filter>Material</Filter>
    </QtMoc>
    <QtMoc Include="Material\MaterialInspecterWidget.h">
      <Filter>Material</Filter>
    </QtMoc>
    <QtMoc Include="Windows\SceneHierarchyWindow.h">
      <Filter>Windows</Filter>
    </QtMoc>
    <QtMoc Include="Core\TransformWidget.h">
      <Filter>Core</Filter>
    </QtMoc>
    <QtMoc Include="Scene\GameEntityModel.h">
      <Filter>Scene</Filter>
    </QtMoc>
    <QtMoc Include="Scene\GameEntityItemDelegate.h">
      <Filter>Scene</Filter>
    </QtMoc>
    <QtMoc Include="Scene\GameEntityInspecterWidget.h">
      <Filter>Scene</Filter>
    </QtMoc>
  </ItemGroup>
  <ItemGroup>
    <ClInclude Include="Console\LogItemStyle.h">
      <Filter>Console</Filter>
    </ClInclude>
    <ClInclude Include="ADS\src\DockComponentsFactory.h">
      <Filter>ADS\src</Filter>
    </ClInclude>
    <ClInclude Include="ADS\src\DockingStateReader.h">
      <Filter>ADS\src</Filter>
    </ClInclude>
    <ClInclude Include="ADS\src\IconProvider.h">
      <Filter>ADS\src</Filter>
    </ClInclude>
    <ClInclude Include="AssetBrowser\PathItemStyle.h">
      <Filter>AssetBrowser</Filter>
    </ClInclude>
  </ItemGroup>
  <ItemGroup>
    <QtRcc Include="Resources\LuxonEditorWindow.qrc">
      <Filter>Resources</Filter>
    </QtRcc>
    <QtRcc Include="ADS\src\ads.qrc">
      <Filter>ADS\src</Filter>
    </QtRcc>
  </ItemGroup>
</Project>