<?xml version="1.0" encoding="utf-8"?>
<Project ToolsVersion="4.0" xmlns="http://schemas.microsoft.com/developer/msbuild/2003">
  <ItemGroup>
    <Filter Include="Windows">
      <UniqueIdentifier>{7dad9cf8-225f-4ef1-a953-d6d5bfd25e46}</UniqueIdentifier>
    </Filter>
  </ItemGroup>
  <ItemGroup>
    <QtUic Include="Windows\LuxonEditorWindow.ui">
      <Filter>Windows</Filter>
    </QtUic>
  </ItemGroup>
  <ItemGroup>
    <ClCompile Include="main.cpp" />
    <ClCompile Include="Windows\LuxonEditorWindow.cpp">
      <Filter>Windows</Filter>
    </ClCompile>
  </ItemGroup>
  <ItemGroup>
    <QtMoc Include="Windows\LuxonEditorWindow.h">
      <Filter>Windows</Filter>
    </QtMoc>
  </ItemGroup>
  <ItemGroup>
    <QtRcc Include="Windows\LuxonEditorWindow.qrc">
      <Filter>Windows</Filter>
    </QtRcc>
  </ItemGroup>
</Project>