<?xml version="1.0" encoding="utf-8"?>
<Project ToolsVersion="4.0" xmlns="http://schemas.microsoft.com/developer/msbuild/2003">
  <ItemGroup>
    <Filter Include="Header Files">
      <UniqueIdentifier>{93995380-89BD-4b04-88EB-625FBE52EBFB}</UniqueIdentifier>
      <Extensions>h;hh;hpp;hxx;h++;hm;inl;inc;ipp;xsd</Extensions>
    </Filter>
    <Filter Include="Resource Files">
      <UniqueIdentifier>{67DA6AB6-F800-4c08-8B7A-83BB121AAD01}</UniqueIdentifier>
      <Extensions>rc;ico;cur;bmp;dlg;rc2;rct;bin;rgs;gif;jpg;jpeg;jpe;resx;tiff;tif;png;wav;mfcribbon-ms</Extensions>
    </Filter>
    <Filter Include="Application">
      <UniqueIdentifier>{c82c2ffd-b1cc-46b8-a9bf-b5c200660b08}</UniqueIdentifier>
    </Filter>
    <Filter Include="EditorWindows">
      <UniqueIdentifier>{55f7f33f-217f-474f-be8c-da2317775610}</UniqueIdentifier>
    </Filter>
  </ItemGroup>
  <ItemGroup>
    <ClInclude Include="Resource.h">
      <Filter>Header Files</Filter>
    </ClInclude>
    <ClInclude Include="targetver.h">
      <Filter>Header Files</Filter>
    </ClInclude>
    <ClInclude Include="Application\EditorApplication.h">
      <Filter>Application</Filter>
    </ClInclude>
    <ClInclude Include="EditorWindows\ProjectBrowserWindow.h">
      <Filter>EditorWindows</Filter>
    </ClInclude>
    <ClInclude Include="EditorWindows\GameViewWindow.h">
      <Filter>EditorWindows</Filter>
    </ClInclude>
    <ClInclude Include="EditorWindows\InspectorWindow.h">
      <Filter>EditorWindows</Filter>
    </ClInclude>
    <ClInclude Include="Application\AssetManager.h">
      <Filter>Application</Filter>
    </ClInclude>
  </ItemGroup>
  <ItemGroup>
    <ResourceCompile Include="LuxonEditor.rc">
      <Filter>Resource Files</Filter>
    </ResourceCompile>
  </ItemGroup>
  <ItemGroup>
    <Image Include="small.ico">
      <Filter>Resource Files</Filter>
    </Image>
    <Image Include="LuxonEditor.ico">
      <Filter>Resource Files</Filter>
    </Image>
  </ItemGroup>
  <ItemGroup>
    <ClCompile Include="main.cpp" />
    <ClCompile Include="Application\EditorApplication.cpp">
      <Filter>Application</Filter>
    </ClCompile>
    <ClCompile Include="EditorWindows\ProjectBrowserWindow.cpp">
      <Filter>EditorWindows</Filter>
    </ClCompile>
    <ClCompile Include="EditorWindows\GameViewWindow.cpp">
      <Filter>EditorWindows</Filter>
    </ClCompile>
    <ClCompile Include="EditorWindows\InspectorWindow.cpp">
      <Filter>EditorWindows</Filter>
    </ClCompile>
    <ClCompile Include="Application\AssetManager.cpp">
      <Filter>Application</Filter>
    </ClCompile>
  </ItemGroup>
</Project>