<?xml version="1.0" encoding="utf-8"?>
<Project ToolsVersion="4.0" xmlns="http://schemas.microsoft.com/developer/msbuild/2003">
  <ItemGroup>
    <Filter Include="Resource Files">
      <UniqueIdentifier>{67DA6AB6-F800-4c08-8B7A-83BB121AAD01}</UniqueIdentifier>
      <Extensions>qrc;rc;ico;cur;bmp;dlg;rc2;rct;bin;rgs;gif;jpg;jpeg;jpe;resx;tiff;tif;png;wav;mfcribbon-ms</Extensions>
    </Filter>
    <Filter Include="Designers">
      <UniqueIdentifier>{6b23a85f-4882-4cf5-9b04-e2e23874e85f}</UniqueIdentifier>
    </Filter>
  </ItemGroup>
  <ItemGroup>
    <ClCompile Include="Designers\NullableTextFieldPlugin.cpp">
      <Filter>Designers</Filter>
    </ClCompile>
    <ClCompile Include="Designers\TextFieldDesignerInterface.cpp">
      <Filter>Designers</Filter>
    </ClCompile>
    <ClCompile Include="LuxonEditorWidgetsPlugin.cpp" />
    <ClCompile Include="Designers\FloatFieldDesignInterface.cpp">
      <Filter>Designers</Filter>
    </ClCompile>
  </ItemGroup>
  <ItemGroup>
    <None Include="designerplugins.json">
      <Filter>Resource Files</Filter>
    </None>
  </ItemGroup>
  <ItemGroup>
    <QtMoc Include="Designers\NullableTextFieldPlugin.h">
      <Filter>Designers</Filter>
    </QtMoc>
    <QtMoc Include="Designers\TextFieldDesignerInterface.h">
      <Filter>Designers</Filter>
    </QtMoc>
    <QtMoc Include="LuxonEditorWidgetsPlugin.h" />
  </ItemGroup>
  <ItemGroup>
    <ClInclude Include="Designers\FloatFieldDesignInterface.h">
      <Filter>Designers</Filter>
    </ClInclude>
  </ItemGroup>
</Project>